// !$*UTF8*$!
{
	archiveVersion = 1;
	classes = {
	};
	objectVersion = 46;
	objects = {

/* Begin PBXBuildFile section */
		1843952E1D196F3600BD7EF5 /* main.m in Sources */ = {isa = PBXBuildFile; fileRef = 1843952D1D196F3600BD7EF5 /* main.m */; };
		184395311D196F3600BD7EF5 /* AppDelegate.m in Sources */ = {isa = PBXBuildFile; fileRef = 184395301D196F3600BD7EF5 /* AppDelegate.m */; };
		184395341D196F3600BD7EF5 /* ViewController.m in Sources */ = {isa = PBXBuildFile; fileRef = 184395331D196F3600BD7EF5 /* ViewController.m */; };
		184395371D196F3600BD7EF5 /* Main.storyboard in Resources */ = {isa = PBXBuildFile; fileRef = 184395351D196F3600BD7EF5 /* Main.storyboard */; };
		184395391D196F3600BD7EF5 /* Assets.xcassets in Resources */ = {isa = PBXBuildFile; fileRef = 184395381D196F3600BD7EF5 /* Assets.xcassets */; };
		1843953C1D196F3600BD7EF5 /* LaunchScreen.storyboard in Resources */ = {isa = PBXBuildFile; fileRef = 1843953A1D196F3600BD7EF5 /* LaunchScreen.storyboard */; };
		184395461D196F8100BD7EF5 /* SqliteManager.m in Sources */ = {isa = PBXBuildFile; fileRef = 184395451D196F8100BD7EF5 /* SqliteManager.m */; };
		1843954B1D19772400BD7EF5 /* jxedt_user.db in Resources */ = {isa = PBXBuildFile; fileRef = 1843954A1D19772400BD7EF5 /* jxedt_user.db */; };
		1843954E1D1977DF00BD7EF5 /* TestQuestions.m in Sources */ = {isa = PBXBuildFile; fileRef = 1843954D1D1977DF00BD7EF5 /* TestQuestions.m */; };
		184395551D1981CA00BD7EF5 /* NSObject+sqlite.m in Sources */ = {isa = PBXBuildFile; fileRef = 184395541D1981CA00BD7EF5 /* NSObject+sqlite.m */; };
		250C30DA0597130386D855CB /* libPods.a in Frameworks */ = {isa = PBXBuildFile; fileRef = 864167C960A6605A92EE8899 /* libPods.a */; };
/* End PBXBuildFile section */

/* Begin PBXFileReference section */
		184395291D196F3600BD7EF5 /* FMDB.app */ = {isa = PBXFileReference; explicitFileType = wrapper.application; includeInIndex = 0; path = FMDB.app; sourceTree = BUILT_PRODUCTS_DIR; };
		1843952D1D196F3600BD7EF5 /* main.m */ = {isa = PBXFileReference; lastKnownFileType = sourcecode.c.objc; path = main.m; sourceTree = "<group>"; };
		1843952F1D196F3600BD7EF5 /* AppDelegate.h */ = {isa = PBXFileReference; lastKnownFileType = sourcecode.c.h; path = AppDelegate.h; sourceTree = "<group>"; };
		184395301D196F3600BD7EF5 /* AppDelegate.m */ = {isa = PBXFileReference; lastKnownFileType = sourcecode.c.objc; path = AppDelegate.m; sourceTree = "<group>"; };
		184395321D196F3600BD7EF5 /* ViewController.h */ = {isa = PBXFileReference; lastKnownFileType = sourcecode.c.h; path = ViewController.h; sourceTree = "<group>"; };
		184395331D196F3600BD7EF5 /* ViewController.m */ = {isa = PBXFileReference; lastKnownFileType = sourcecode.c.objc; path = ViewController.m; sourceTree = "<group>"; };
		184395361D196F3600BD7EF5 /* Base */ = {isa = PBXFileReference; lastKnownFileType = file.storyboard; name = Base; path = Base.lproj/Main.storyboard; sourceTree = "<group>"; };
		184395381D196F3600BD7EF5 /* Assets.xcassets */ = {isa = PBXFileReference; lastKnownFileType = folder.assetcatalog; path = Assets.xcassets; sourceTree = "<group>"; };
		1843953B1D196F3600BD7EF5 /* Base */ = {isa = PBXFileReference; lastKnownFileType = file.storyboard; name = Base; path = Base.lproj/LaunchScreen.storyboard; sourceTree = "<group>"; };
		1843953D1D196F3600BD7EF5 /* Info.plist */ = {isa = PBXFileReference; lastKnownFileType = text.plist.xml; path = Info.plist; sourceTree = "<group>"; };
		184395441D196F8100BD7EF5 /* SqliteManager.h */ = {isa = PBXFileReference; fileEncoding = 4; lastKnownFileType = sourcecode.c.h; path = SqliteManager.h; sourceTree = "<group>"; };
		184395451D196F8100BD7EF5 /* SqliteManager.m */ = {isa = PBXFileReference; fileEncoding = 4; lastKnownFileType = sourcecode.c.objc; path = SqliteManager.m; sourceTree = "<group>"; };
		1843954A1D19772400BD7EF5 /* jxedt_user.db */ = {isa = PBXFileReference; lastKnownFileType = file; path = jxedt_user.db; sourceTree = "<group>"; };
		1843954C1D1977DF00BD7EF5 /* TestQuestions.h */ = {isa = PBXFileReference; fileEncoding = 4; lastKnownFileType = sourcecode.c.h; path = TestQuestions.h; sourceTree = "<group>"; };
		1843954D1D1977DF00BD7EF5 /* TestQuestions.m */ = {isa = PBXFileReference; fileEncoding = 4; lastKnownFileType = sourcecode.c.objc; path = TestQuestions.m; sourceTree = "<group>"; };
		184395531D1981CA00BD7EF5 /* NSObject+sqlite.h */ = {isa = PBXFileReference; fileEncoding = 4; lastKnownFileType = sourcecode.c.h; path = "NSObject+sqlite.h"; sourceTree = "<group>"; };
		184395541D1981CA00BD7EF5 /* NSObject+sqlite.m */ = {isa = PBXFileReference; fileEncoding = 4; lastKnownFileType = sourcecode.c.objc; path = "NSObject+sqlite.m"; sourceTree = "<group>"; };
		18841AA4789A1E53C1F20DF0 /* Pods.debug.xcconfig */ = {isa = PBXFileReference; includeInIndex = 1; lastKnownFileType = text.xcconfig; name = Pods.debug.xcconfig; path = "Pods/Target Support Files/Pods/Pods.debug.xcconfig"; sourceTree = "<group>"; };
		565999ED849756369A79E785 /* Pods.release.xcconfig */ = {isa = PBXFileReference; includeInIndex = 1; lastKnownFileType = text.xcconfig; name = Pods.release.xcconfig; path = "Pods/Target Support Files/Pods/Pods.release.xcconfig"; sourceTree = "<group>"; };
		864167C960A6605A92EE8899 /* libPods.a */ = {isa = PBXFileReference; explicitFileType = archive.ar; includeInIndex = 0; path = libPods.a; sourceTree = BUILT_PRODUCTS_DIR; };
/* End PBXFileReference section */

/* Begin PBXFrameworksBuildPhase section */
		184395261D196F3600BD7EF5 /* Frameworks */ = {
			isa = PBXFrameworksBuildPhase;
			buildActionMask = 2147483647;
			files = (
				250C30DA0597130386D855CB /* libPods.a in Frameworks */,
			);
			runOnlyForDeploymentPostprocessing = 0;
		};
/* End PBXFrameworksBuildPhase section */

/* Begin PBXGroup section */
		184395201D196F3600BD7EF5 = {
			isa = PBXGroup;
			children = (
				1843954A1D19772400BD7EF5 /* jxedt_user.db */,
				1843952B1D196F3600BD7EF5 /* FMDB */,
				1843952A1D196F3600BD7EF5 /* Products */,
				B4D3ED5A9F502AB733C5C615 /* Pods */,
				80418DF14CF3D6055CCE39C9 /* Frameworks */,
			);
			sourceTree = "<group>";
		};
		1843952A1D196F3600BD7EF5 /* Products */ = {
			isa = PBXGroup;
			children = (
				184395291D196F3600BD7EF5 /* FMDB.app */,
			);
			name = Products;
			sourceTree = "<group>";
		};
		1843952B1D196F3600BD7EF5 /* FMDB */ = {
			isa = PBXGroup;
			children = (
				1843952F1D196F3600BD7EF5 /* AppDelegate.h */,
				184395301D196F3600BD7EF5 /* AppDelegate.m */,
				184395321D196F3600BD7EF5 /* ViewController.h */,
				184395331D196F3600BD7EF5 /* ViewController.m */,
				184395441D196F8100BD7EF5 /* SqliteManager.h */,
				184395451D196F8100BD7EF5 /* SqliteManager.m */,
				1843954C1D1977DF00BD7EF5 /* TestQuestions.h */,
				1843954D1D1977DF00BD7EF5 /* TestQuestions.m */,
				184395531D1981CA00BD7EF5 /* NSObject+sqlite.h */,
				184395541D1981CA00BD7EF5 /* NSObject+sqlite.m */,
				184395351D196F3600BD7EF5 /* Main.storyboard */,
				184395381D196F3600BD7EF5 /* Assets.xcassets */,
				1843953A1D196F3600BD7EF5 /* LaunchScreen.storyboard */,
				1843953D1D196F3600BD7EF5 /* Info.plist */,
				1843952C1D196F3600BD7EF5 /* Supporting Files */,
			);
			path = FMDB;
			sourceTree = "<group>";
		};
		1843952C1D196F3600BD7EF5 /* Supporting Files */ = {
			isa = PBXGroup;
			children = (
				1843952D1D196F3600BD7EF5 /* main.m */,
			);
			name = "Supporting Files";
			sourceTree = "<group>";
		};
		80418DF14CF3D6055CCE39C9 /* Frameworks */ = {
			isa = PBXGroup;
			children = (
				864167C960A6605A92EE8899 /* libPods.a */,
			);
			name = Frameworks;
			sourceTree = "<group>";
		};
		B4D3ED5A9F502AB733C5C615 /* Pods */ = {
			isa = PBXGroup;
			children = (
				18841AA4789A1E53C1F20DF0 /* Pods.debug.xcconfig */,
				565999ED849756369A79E785 /* Pods.release.xcconfig */,
			);
			name = Pods;
			sourceTree = "<group>";
		};
/* End PBXGroup section */

/* Begin PBXNativeTarget section */
		184395281D196F3600BD7EF5 /* FMDB */ = {
			isa = PBXNativeTarget;
			buildConfigurationList = 184395401D196F3600BD7EF5 /* Build configuration list for PBXNativeTarget "FMDB" */;
			buildPhases = (
				9318E27D5842216BE780B7BE /* Check Pods Manifest.lock */,
				184395251D196F3600BD7EF5 /* Sources */,
				184395261D196F3600BD7EF5 /* Frameworks */,
				184395271D196F3600BD7EF5 /* Resources */,
				803BA735ECECC78FF7735037 /* Embed Pods Frameworks */,
				DB3096304F9C026520EA0485 /* Copy Pods Resources */,
			);
			buildRules = (
			);
			dependencies = (
			);
			name = FMDB;
			productName = FMDB;
			productReference = 184395291D196F3600BD7EF5 /* FMDB.app */;
			productType = "com.apple.product-type.application";
		};
/* End PBXNativeTarget section */

/* Begin PBXProject section */
		184395211D196F3600BD7EF5 /* Project object */ = {
			isa = PBXProject;
			attributes = {
				LastUpgradeCheck = 0730;
				ORGANIZATIONNAME = apple;
				TargetAttributes = {
					184395281D196F3600BD7EF5 = {
						CreatedOnToolsVersion = 7.3.1;
					};
				};
			};
			buildConfigurationList = 184395241D196F3600BD7EF5 /* Build configuration list for PBXProject "FMDB" */;
			compatibilityVersion = "Xcode 3.2";
			developmentRegion = English;
			hasScannedForEncodings = 0;
			knownRegions = (
				en,
				Base,
			);
			mainGroup = 184395201D196F3600BD7EF5;
			productRefGroup = 1843952A1D196F3600BD7EF5 /* Products */;
			projectDirPath = "";
			projectRoot = "";
			targets = (
				184395281D196F3600BD7EF5 /* FMDB */,
			);
		};
/* End PBXProject section */

/* Begin PBXResourcesBuildPhase section */
		184395271D196F3600BD7EF5 /* Resources */ = {
			isa = PBXResourcesBuildPhase;
			buildActionMask = 2147483647;
			files = (
				1843953C1D196F3600BD7EF5 /* LaunchScreen.storyboard in Resources */,
				1843954B1D19772400BD7EF5 /* jxedt_user.db in Resources */,
				184395391D196F3600BD7EF5 /* Assets.xcassets in Resources */,
				184395371D196F3600BD7EF5 /* Main.storyboard in Resources */,
			);
			runOnlyForDeploymentPostprocessing = 0;
		};
/* End PBXResourcesBuildPhase section */

/* Begin PBXShellScriptBuildPhase section */
		803BA735ECECC78FF7735037 /* Embed Pods Frameworks */ = {
			isa = PBXShellScriptBuildPhase;
			buildActionMask = 2147483647;
			files = (
			);
			inputPaths = (
			);
			name = "Embed Pods Frameworks";
			outputPaths = (
			);
			runOnlyForDeploymentPostprocessing = 0;
			shellPath = /bin/sh;
			shellScript = "\"${SRCROOT}/Pods/Target Support Files/Pods/Pods-frameworks.sh\"\n";
			showEnvVarsInLog = 0;
		};
		9318E27D5842216BE780B7BE /* Check Pods Manifest.lock */ = {
			isa = PBXShellScriptBuildPhase;
			buildActionMask = 2147483647;
			files = (
			);
			inputPaths = (
			);
			name = "Check Pods Manifest.lock";
			outputPaths = (
			);
			runOnlyForDeploymentPostprocessing = 0;
			shellPath = /bin/sh;
			shellScript = "diff \"${PODS_ROOT}/../Podfile.lock\" \"${PODS_ROOT}/Manifest.lock\" > /dev/null\nif [[ $? != 0 ]] ; then\n    cat << EOM\nerror: The sandbox is not in sync with the Podfile.lock. Run 'pod install' or update your CocoaPods installation.\nEOM\n    exit 1\nfi\n";
			showEnvVarsInLog = 0;
		};
		DB3096304F9C026520EA0485 /* Copy Pods Resources */ = {
			isa = PBXShellScriptBuildPhase;
			buildActionMask = 2147483647;
			files = (
			);
			inputPaths = (
			);
			name = "Copy Pods Resources";
			outputPaths = (
			);
			runOnlyForDeploymentPostprocessing = 0;
			shellPath = /bin/sh;
			shellScript = "\"${SRCROOT}/Pods/Target Support Files/Pods/Pods-resources.sh\"\n";
			showEnvVarsInLog = 0;
		};
/* End PBXShellScriptBuildPhase section */

/* Begin PBXSourcesBuildPhase section */
		184395251D196F3600BD7EF5 /* Sources */ = {
			isa = PBXSourcesBuildPhase;
			buildActionMask = 2147483647;
			files = (
				1843954E1D1977DF00BD7EF5 /* TestQuestions.m in Sources */,
				184395341D196F3600BD7EF5 /* ViewController.m in Sources */,
				184395311D196F3600BD7EF5 /* AppDelegate.m in Sources */,
				184395551D1981CA00BD7EF5 /* NSObject+sqlite.m in Sources */,
				1843952E1D196F3600BD7EF5 /* main.m in Sources */,
				184395461D196F8100BD7EF5 /* SqliteManager.m in Sources */,
			);
			runOnlyForDeploymentPostprocessing = 0;
		};
/* End PBXSourcesBuildPhase section */

/* Begin PBXVariantGroup section */
		184395351D196F3600BD7EF5 /* Main.storyboard */ = {
			isa = PBXVariantGroup;
			children = (
				184395361D196F3600BD7EF5 /* Base */,
			);
			name = Main.storyboard;
			sourceTree = "<group>";
		};
		1843953A1D196F3600BD7EF5 /* LaunchScreen.storyboard */ = {
			isa = PBXVariantGroup;
			children = (
				1843953B1D196F3600BD7EF5 /* Base */,
			);
			name = LaunchScreen.storyboard;
			sourceTree = "<group>";
		};
/* End PBXVariantGroup section */

/* Begin XCBuildConfiguration section */
		1843953E1D196F3600BD7EF5 /* Debug */ = {
			isa = XCBuildConfiguration;
			buildSettings = {
				ALWAYS_SEARCH_USER_PATHS = NO;
				CLANG_ANALYZER_NONNULL = YES;
				CLANG_CXX_LANGUAGE_STANDARD = "gnu++0x";
				CLANG_CXX_LIBRARY = "libc++";
				CLANG_ENABLE_MODULES = YES;
				CLANG_ENABLE_OBJC_ARC = YES;
				CLANG_WARN_BOOL_CONVERSION = YES;
				CLANG_WARN_CONSTANT_CONVERSION = YES;
				CLANG_WARN_DIRECT_OBJC_ISA_USAGE = YES_ERROR;
				CLANG_WARN_EMPTY_BODY = YES;
				CLANG_WARN_ENUM_CONVERSION = YES;
				CLANG_WARN_INT_CONVERSION = YES;
				CLANG_WARN_OBJC_ROOT_CLASS = YES_ERROR;
				CLANG_WARN_UNREACHABLE_CODE = YES;
				CLANG_WARN__DUPLICATE_METHOD_MATCH = YES;
				"CODE_SIGN_IDENTITY[sdk=iphoneos*]" = "iPhone Developer";
				COPY_PHASE_STRIP = NO;
				DEBUG_INFORMATION_FORMAT = dwarf;
				ENABLE_STRICT_OBJC_MSGSEND = YES;
				ENABLE_TESTABILITY = YES;
				GCC_C_LANGUAGE_STANDARD = gnu99;
				GCC_DYNAMIC_NO_PIC = NO;
				GCC_NO_COMMON_BLOCKS = YES;
				GCC_OPTIMIZATION_LEVEL = 0;
				GCC_PREPROCESSOR_DEFINITIONS = (
					"DEBUG=1",
					"$(inherited)",
				);
				GCC_WARN_64_TO_32_BIT_CONVERSION = YES;
				GCC_WARN_ABOUT_RETURN_TYPE = YES_ERROR;
				GCC_WARN_UNDECLARED_SELECTOR = YES;
				GCC_WARN_UNINITIALIZED_AUTOS = YES_AGGRESSIVE;
				GCC_WARN_UNUSED_FUNCTION = YES;
				GCC_WARN_UNUSED_VARIABLE = YES;
				IPHONEOS_DEPLOYMENT_TARGET = 9.3;
				MTL_ENABLE_DEBUG_INFO = YES;
				ONLY_ACTIVE_ARCH = YES;
				SDKROOT = iphoneos;
			};
			name = Debug;
		};
		1843953F1D196F3600BD7EF5 /* Release */ = {
			isa = XCBuildConfiguration;
			buildSettings = {
				ALWAYS_SEARCH_USER_PATHS = NO;
				CLANG_ANALYZER_NONNULL = YES;
				CLANG_CXX_LANGUAGE_STANDARD = "gnu++0x";
				CLANG_CXX_LIBRARY = "libc++";
				CLANG_ENABLE_MODULES = YES;
				CLANG_ENABLE_OBJC_ARC = YES;
				CLANG_WARN_BOOL_CONVERSION = YES;
				CLANG_WARN_CONSTANT_CONVERSION = YES;
				CLANG_WARN_DIRECT_OBJC_ISA_USAGE = YES_ERROR;
				CLANG_WARN_EMPTY_BODY = YES;
				CLANG_WARN_ENUM_CONVERSION = YES;
				CLANG_WARN_INT_CONVERSION = YES;
				CLANG_WARN_OBJC_ROOT_CLASS = YES_ERROR;
				CLANG_WARN_UNREACHABLE_CODE = YES;
				CLANG_WARN__DUPLICATE_METHOD_MATCH = YES;
				"CODE_SIGN_IDENTITY[sdk=iphoneos*]" = "iPhone Developer";
				COPY_PHASE_STRIP = NO;
				DEBUG_INFORMATION_FORMAT = "dwarf-with-dsym";
				ENABLE_NS_ASSERTIONS = NO;
				ENABLE_STRICT_OBJC_MSGSEND = YES;
				GCC_C_LANGUAGE_STANDARD = gnu99;
				GCC_NO_COMMON_BLOCKS = YES;
				GCC_WARN_64_TO_32_BIT_CONVERSION = YES;
				GCC_WARN_ABOUT_RETURN_TYPE = YES_ERROR;
				GCC_WARN_UNDECLARED_SELECTOR = YES;
				GCC_WARN_UNINITIALIZED_AUTOS = YES_AGGRESSIVE;
				GCC_WARN_UNUSED_FUNCTION = YES;
				GCC_WARN_UNUSED_VARIABLE = YES;
				IPHONEOS_DEPLOYMENT_TARGET = 9.3;
				MTL_ENABLE_DEBUG_INFO = NO;
				SDKROOT = iphoneos;
				VALIDATE_PRODUCT = YES;
			};
			name = Release;
		};
		184395411D196F3600BD7EF5 /* Debug */ = {
			isa = XCBuildConfiguration;
			baseConfigurationReference = 18841AA4789A1E53C1F20DF0 /* Pods.debug.xcconfig */;
			buildSettings = {
				ASSETCATALOG_COMPILER_APPICON_NAME = AppIcon;
				INFOPLIST_FILE = FMDB/Info.plist;
				LD_RUNPATH_SEARCH_PATHS = "$(inherited) @executable_path/Frameworks";
				PRODUCT_BUNDLE_IDENTIFIER = com.qxy.FMDB;
				PRODUCT_NAME = "$(TARGET_NAME)";
			};
			name = Debug;
		};
		184395421D196F3600BD7EF5 /* Release */ = {
			isa = XCBuildConfiguration;
			baseConfigurationReference = 565999ED849756369A79E785 /* Pods.release.xcconfig */;
			buildSettings = {
				ASSETCATALOG_COMPILER_APPICON_NAME = AppIcon;
				INFOPLIST_FILE = FMDB/Info.plist;
				LD_RUNPATH_SEARCH_PATHS = "$(inherited) @executable_path/Frameworks";
				PRODUCT_BUNDLE_IDENTIFIER = com.qxy.FMDB;
				PRODUCT_NAME = "$(TARGET_NAME)";
			};
			name = Release;
		};
/* End XCBuildConfiguration section */

/* Begin XCConfigurationList section */
		184395241D196F3600BD7EF5 /* Build configuration list for PBXProject "FMDB" */ = {
			isa = XCConfigurationList;
			buildConfigurations = (
				1843953E1D196F3600BD7EF5 /* Debug */,
				1843953F1D196F3600BD7EF5 /* Release */,
			);
			defaultConfigurationIsVisible = 0;
			defaultConfigurationName = Release;
		};
		184395401D196F3600BD7EF5 /* Build configuration list for PBXNativeTarget "FMDB" */ = {
			isa = XCConfigurationList;
			buildConfigurations = (
				184395411D196F3600BD7EF5 /* Debug */,
				184395421D196F3600BD7EF5 /* Release */,
			);
			defaultConfigurationIsVisible = 0;
			defaultConfigurationName = Release;
		};
/* End XCConfigurationList section */
	};
	rootObject = 184395211D196F3600BD7EF5 /* Project object */;
}
